
Microsoft Visual Studio Solution File, Format Version 12.00
# Visual Studio Version 16
VisualStudioVersion = 16.0.31112.23
MinimumVisualStudioVersion = 10.0.40219.1
Project("{9A19103F-16F7-4668-BE54-9A1E7A4F7556}") = "SysBot.Base", "SysBot.Base\SysBot.Base.csproj", "{0713DF01-2611-4BB3-A494-57129A8222CC}"
EndProject
Project("{9A19103F-16F7-4668-BE54-9A1E7A4F7556}") = "USP.Core", "USP.Core\USP.Core.csproj", "{AA810316-4418-40B8-AB15-4440A295C308}"
EndProject
Project("{9A19103F-16F7-4668-BE54-9A1E7A4F7556}") = "USP.UI", "USP.UI\USP.UI.csproj", "{412A244B-C05D-4767-9B07-4EF374AAE00E}"
EndProject
Global
	GlobalSection(SolutionConfigurationPlatforms) = preSolution
		Debug|Any CPU = Debug|Any CPU
		Release|Any CPU = Release|Any CPU
	EndGlobalSection
	GlobalSection(ProjectConfigurationPlatforms) = postSolution
		{0713DF01-2611-4BB3-A494-57129A8222CC}.Debug|Any CPU.ActiveCfg = Debug|Any CPU
		{0713DF01-2611-4BB3-A494-57129A8222CC}.Debug|Any CPU.Build.0 = Debug|Any CPU
		{0713DF01-2611-4BB3-A494-57129A8222CC}.Release|Any CPU.ActiveCfg = Release|Any CPU
		{0713DF01-2611-4BB3-A494-57129A8222CC}.Release|Any CPU.Build.0 = Release|Any CPU
		{AA810316-4418-40B8-AB15-4440A295C308}.Debug|Any CPU.ActiveCfg = Debug|Any CPU
		{AA810316-4418-40B8-AB15-4440A295C308}.Debug|Any CPU.Build.0 = Debug|Any CPU
		{AA810316-4418-40B8-AB15-4440A295C308}.Release|Any CPU.ActiveCfg = Release|Any CPU
		{AA810316-4418-40B8-AB15-4440A295C308}.Release|Any CPU.Build.0 = Release|Any CPU
		{412A244B-C05D-4767-9B07-4EF374AAE00E}.Debug|Any CPU.ActiveCfg = Debug|Any CPU
		{412A244B-C05D-4767-9B07-4EF374AAE00E}.Debug|Any CPU.Build.0 = Debug|Any CPU
		{412A244B-C05D-4767-9B07-4EF374AAE00E}.Release|Any CPU.ActiveCfg = Release|Any CPU
		{412A244B-C05D-4767-9B07-4EF374AAE00E}.Release|Any CPU.Build.0 = Release|Any CPU
	EndGlobalSection
	GlobalSection(SolutionProperties) = preSolution
		HideSolutionNode = FALSE
	EndGlobalSection
	GlobalSection(ExtensibilityGlobals) = postSolution
		SolutionGuid = {147325ED-F736-4FDE-9C50-AC1F11AB38E6}
	EndGlobalSection
EndGlobal
